
Microsoft Visual Studio Solution File, Format Version 12.00
Project("{F2A71F9B-5D33-465A-A702-920D77279786}") = "Assignment1", "Assignment1\Assignment1.fsproj", "{D34ADDB2-AAA5-4787-8910-18A8AA6E3461}"
EndProject
Global
	GlobalSection(SolutionConfigurationPlatforms) = preSolution
		Debug|Any CPU = Debug|Any CPU
		Release|Any CPU = Release|Any CPU
	EndGlobalSection
	GlobalSection(ProjectConfigurationPlatforms) = postSolution
		{D34ADDB2-AAA5-4787-8910-18A8AA6E3461}.Debug|Any CPU.ActiveCfg = Debug|Any CPU
		{D34ADDB2-AAA5-4787-8910-18A8AA6E3461}.Debug|Any CPU.Build.0 = Debug|Any CPU
		{D34ADDB2-AAA5-4787-8910-18A8AA6E3461}.Release|Any CPU.ActiveCfg = Release|Any CPU
		{D34ADDB2-AAA5-4787-8910-18A8AA6E3461}.Release|Any CPU.Build.0 = Release|Any CPU
	EndGlobalSection
EndGlobal
