
Microsoft Visual Studio Solution File, Format Version 12.00
Project("{F2A71F9B-5D33-465A-A702-920D77279786}") = "Assignemnet5", "Assignemnet5\Assignemnet5.fsproj", "{A9046F8D-D410-4691-8431-B020F5A10BB7}"
EndProject
Global
	GlobalSection(SolutionConfigurationPlatforms) = preSolution
		Debug|Any CPU = Debug|Any CPU
		Release|Any CPU = Release|Any CPU
	EndGlobalSection
	GlobalSection(ProjectConfigurationPlatforms) = postSolution
		{A9046F8D-D410-4691-8431-B020F5A10BB7}.Debug|Any CPU.ActiveCfg = Debug|Any CPU
		{A9046F8D-D410-4691-8431-B020F5A10BB7}.Debug|Any CPU.Build.0 = Debug|Any CPU
		{A9046F8D-D410-4691-8431-B020F5A10BB7}.Release|Any CPU.ActiveCfg = Release|Any CPU
		{A9046F8D-D410-4691-8431-B020F5A10BB7}.Release|Any CPU.Build.0 = Release|Any CPU
	EndGlobalSection
EndGlobal
